
Microsoft Visual Studio Solution File, Format Version 12.00
# Visual Studio Version 17
VisualStudioVersion = 17.14.36518.9 d17.14
MinimumVisualStudioVersion = 10.0.40219.1
Project("{FAE04EC0-301F-11D3-BF4B-00C04F79EFBC}") = "MVC Project-Pronia", "MVC Project-Pronia.csproj", "{1B873C10-D04D-4956-A360-C1D7CF8728F5}"
EndProject
Global
	GlobalSection(SolutionConfigurationPlatforms) = preSolution
		Debug|Any CPU = Debug|Any CPU
		Release|Any CPU = Release|Any CPU
	EndGlobalSection
	GlobalSection(ProjectConfigurationPlatforms) = postSolution
		{1B873C10-D04D-4956-A360-C1D7CF8728F5}.Debug|Any CPU.ActiveCfg = Debug|Any CPU
		{1B873C10-D04D-4956-A360-C1D7CF8728F5}.Debug|Any CPU.Build.0 = Debug|Any CPU
		{1B873C10-D04D-4956-A360-C1D7CF8728F5}.Release|Any CPU.ActiveCfg = Release|Any CPU
		{1B873C10-D04D-4956-A360-C1D7CF8728F5}.Release|Any CPU.Build.0 = Release|Any CPU
	EndGlobalSection
	GlobalSection(SolutionProperties) = preSolution
		HideSolutionNode = FALSE
	EndGlobalSection
	GlobalSection(ExtensibilityGlobals) = postSolution
		SolutionGuid = {C27B1A11-D17A-4F1E-A7C4-53DB64B7CA0F}
	EndGlobalSection
EndGlobal
